
Microsoft Visual Studio Solution File, Format Version 12.00
# Visual Studio 14
VisualStudioVersion = 14.0.24720.0
MinimumVisualStudioVersion = 10.0.40219.1
Project("{2150E333-8FDC-42A3-9474-1A3956D46DE8}") = "Solution Items", "Solution Items", "{9933A043-50A3-4DC8-9B47-BEC79109F4D6}"
	ProjectSection(SolutionItems) = preProject
		README.md = README.md
		Scissorhands.sln.DotSettings = Scissorhands.sln.DotSettings
		Settings.StyleCop = Settings.StyleCop
		SharedAssemblyInfo.cs = SharedAssemblyInfo.cs
	EndProjectSection
EndProject
Project("{2150E333-8FDC-42A3-9474-1A3956D46DE8}") = "src", "src", "{F5A4E190-D798-41D9-BE2D-1D0B0364FB5A}"
EndProject
Project("{2150E333-8FDC-42A3-9474-1A3956D46DE8}") = "test", "test", "{FFA6327B-2374-4D35-8726-B3C850AD3471}"
EndProject
Project("{FAE04EC0-301F-11D3-BF4B-00C04F79EFBC}") = "Scissorhands.WebApp", "src\Scissorhands.WebApp\Scissorhands.WebApp.csproj", "{9CF9A345-0268-461F-B488-0A2FEA526D7E}"
EndProject
Global
	GlobalSection(SolutionConfigurationPlatforms) = preSolution
		Debug|Any CPU = Debug|Any CPU
		Release|Any CPU = Release|Any CPU
	EndGlobalSection
	GlobalSection(ProjectConfigurationPlatforms) = postSolution
		{9CF9A345-0268-461F-B488-0A2FEA526D7E}.Debug|Any CPU.ActiveCfg = Debug|Any CPU
		{9CF9A345-0268-461F-B488-0A2FEA526D7E}.Debug|Any CPU.Build.0 = Debug|Any CPU
		{9CF9A345-0268-461F-B488-0A2FEA526D7E}.Release|Any CPU.ActiveCfg = Release|Any CPU
		{9CF9A345-0268-461F-B488-0A2FEA526D7E}.Release|Any CPU.Build.0 = Release|Any CPU
	EndGlobalSection
	GlobalSection(SolutionProperties) = preSolution
		HideSolutionNode = FALSE
	EndGlobalSection
	GlobalSection(NestedProjects) = preSolution
		{9CF9A345-0268-461F-B488-0A2FEA526D7E} = {F5A4E190-D798-41D9-BE2D-1D0B0364FB5A}
	EndGlobalSection
EndGlobal
