
Microsoft Visual Studio Solution File, Format Version 12.00
# Visual Studio 14
VisualStudioVersion = 14.0.24720.0
MinimumVisualStudioVersion = 10.0.40219.1
Project("{2150E333-8FDC-42A3-9474-1A3956D46DE8}") = "src", "src", "{D6E67661-18CA-4D46-A7A8-E2B4AD9767D4}"
EndProject
Project("{2150E333-8FDC-42A3-9474-1A3956D46DE8}") = "Solution Items", "Solution Items", "{8E878B5D-41EC-43E1-8CB8-AE2C2FF0F2CD}"
	ProjectSection(SolutionItems) = preProject
		.gitignore = .gitignore
		appveyor.yml = appveyor.yml
		global.json = global.json
		LICENSE = LICENSE
		README.md = README.md
		run-jstests.ps1 = run-jstests.ps1
		run-project-versioning.ps1 = run-project-versioning.ps1
		run-tests.ps1 = run-tests.ps1
		Scissorhands.sln.DotSettings = Scissorhands.sln.DotSettings
		Settings.StyleCop = Settings.StyleCop
	EndProjectSection
EndProject
Project("{8BB2217D-0F2D-49D1-97BC-3654ED321F3B}") = "Scissorhands.Services", "src\Scissorhands.Services\Scissorhands.Services.xproj", "{1ED7FEAB-DDF6-4DFE-BA0B-2D6F78812023}"
EndProject
Project("{2150E333-8FDC-42A3-9474-1A3956D46DE8}") = "test", "test", "{B90EED33-C013-4765-9192-EED33E291676}"
EndProject
Project("{8BB2217D-0F2D-49D1-97BC-3654ED321F3B}") = "Scissorhands.Services.Tests", "test\Scissorhands.Services.Tests\Scissorhands.Services.Tests.xproj", "{9292581D-7146-4FF7-860C-57FF2FB510F3}"
EndProject
Project("{8BB2217D-0F2D-49D1-97BC-3654ED321F3B}") = "Scissorhands.Themes", "src\Scissorhands.Themes\Scissorhands.Themes.xproj", "{6A5EE58A-B29E-415D-B067-8F4A404A4ED4}"
EndProject
Project("{8BB2217D-0F2D-49D1-97BC-3654ED321F3B}") = "Scissorhands.Helpers", "src\Scissorhands.Helpers\Scissorhands.Helpers.xproj", "{742CC168-F067-4921-AA12-5F97EB2451E9}"
EndProject
Project("{8BB2217D-0F2D-49D1-97BC-3654ED321F3B}") = "Scissorhands.Core", "src\Scissorhands.Core\Scissorhands.Core.xproj", "{BB81588A-6B20-4BA5-BEDA-8AE9E86A7A3C}"
EndProject
Project("{8BB2217D-0F2D-49D1-97BC-3654ED321F3B}") = "Scissorhands.Helpers.Tests", "test\Scissorhands.Helpers.Tests\Scissorhands.Helpers.Tests.xproj", "{D1336FDE-1C69-4E75-B4B9-9845E2AA7CE8}"
EndProject
Project("{8BB2217D-0F2D-49D1-97BC-3654ED321F3B}") = "Scissorhands.Core.Tests", "test\Scissorhands.Core.Tests\Scissorhands.Core.Tests.xproj", "{FF61A064-CA2C-4754-ABB6-7F32C19EFF6E}"
EndProject
Project("{8BB2217D-0F2D-49D1-97BC-3654ED321F3B}") = "Scissorhands.NET", "src\Scissorhands.NET\Scissorhands.NET.xproj", "{97BCFC87-8CD8-4C6A-B9FA-33D5AFDE8E0F}"
EndProject
Project("{8BB2217D-0F2D-49D1-97BC-3654ED321F3B}") = "Scissorhands.NET.Tests", "test\Scissorhands.NET.Tests\Scissorhands.NET.Tests.xproj", "{6DE3F1CF-1364-49B4-A985-F64730D5EB51}"
EndProject
Project("{8BB2217D-0F2D-49D1-97BC-3654ED321F3B}") = "Scissorhands.Themes.Tests", "test\Scissorhands.Themes.Tests\Scissorhands.Themes.Tests.xproj", "{B1705E0D-9777-4BBE-87F2-8CC297C8CEF7}"
EndProject
Global
	GlobalSection(SolutionConfigurationPlatforms) = preSolution
		Debug|Any CPU = Debug|Any CPU
		Release|Any CPU = Release|Any CPU
	EndGlobalSection
	GlobalSection(ProjectConfigurationPlatforms) = postSolution
		{1ED7FEAB-DDF6-4DFE-BA0B-2D6F78812023}.Debug|Any CPU.ActiveCfg = Debug|Any CPU
		{1ED7FEAB-DDF6-4DFE-BA0B-2D6F78812023}.Debug|Any CPU.Build.0 = Debug|Any CPU
		{1ED7FEAB-DDF6-4DFE-BA0B-2D6F78812023}.Release|Any CPU.ActiveCfg = Release|Any CPU
		{1ED7FEAB-DDF6-4DFE-BA0B-2D6F78812023}.Release|Any CPU.Build.0 = Release|Any CPU
		{9292581D-7146-4FF7-860C-57FF2FB510F3}.Debug|Any CPU.ActiveCfg = Debug|Any CPU
		{9292581D-7146-4FF7-860C-57FF2FB510F3}.Debug|Any CPU.Build.0 = Debug|Any CPU
		{9292581D-7146-4FF7-860C-57FF2FB510F3}.Release|Any CPU.ActiveCfg = Release|Any CPU
		{9292581D-7146-4FF7-860C-57FF2FB510F3}.Release|Any CPU.Build.0 = Release|Any CPU
		{6A5EE58A-B29E-415D-B067-8F4A404A4ED4}.Debug|Any CPU.ActiveCfg = Debug|Any CPU
		{6A5EE58A-B29E-415D-B067-8F4A404A4ED4}.Debug|Any CPU.Build.0 = Debug|Any CPU
		{6A5EE58A-B29E-415D-B067-8F4A404A4ED4}.Release|Any CPU.ActiveCfg = Release|Any CPU
		{6A5EE58A-B29E-415D-B067-8F4A404A4ED4}.Release|Any CPU.Build.0 = Release|Any CPU
		{742CC168-F067-4921-AA12-5F97EB2451E9}.Debug|Any CPU.ActiveCfg = Debug|Any CPU
		{742CC168-F067-4921-AA12-5F97EB2451E9}.Debug|Any CPU.Build.0 = Debug|Any CPU
		{742CC168-F067-4921-AA12-5F97EB2451E9}.Release|Any CPU.ActiveCfg = Release|Any CPU
		{742CC168-F067-4921-AA12-5F97EB2451E9}.Release|Any CPU.Build.0 = Release|Any CPU
		{BB81588A-6B20-4BA5-BEDA-8AE9E86A7A3C}.Debug|Any CPU.ActiveCfg = Debug|Any CPU
		{BB81588A-6B20-4BA5-BEDA-8AE9E86A7A3C}.Debug|Any CPU.Build.0 = Debug|Any CPU
		{BB81588A-6B20-4BA5-BEDA-8AE9E86A7A3C}.Release|Any CPU.ActiveCfg = Release|Any CPU
		{BB81588A-6B20-4BA5-BEDA-8AE9E86A7A3C}.Release|Any CPU.Build.0 = Release|Any CPU
		{D1336FDE-1C69-4E75-B4B9-9845E2AA7CE8}.Debug|Any CPU.ActiveCfg = Debug|Any CPU
		{D1336FDE-1C69-4E75-B4B9-9845E2AA7CE8}.Debug|Any CPU.Build.0 = Debug|Any CPU
		{D1336FDE-1C69-4E75-B4B9-9845E2AA7CE8}.Release|Any CPU.ActiveCfg = Release|Any CPU
		{D1336FDE-1C69-4E75-B4B9-9845E2AA7CE8}.Release|Any CPU.Build.0 = Release|Any CPU
		{FF61A064-CA2C-4754-ABB6-7F32C19EFF6E}.Debug|Any CPU.ActiveCfg = Debug|Any CPU
		{FF61A064-CA2C-4754-ABB6-7F32C19EFF6E}.Debug|Any CPU.Build.0 = Debug|Any CPU
		{FF61A064-CA2C-4754-ABB6-7F32C19EFF6E}.Release|Any CPU.ActiveCfg = Release|Any CPU
		{FF61A064-CA2C-4754-ABB6-7F32C19EFF6E}.Release|Any CPU.Build.0 = Release|Any CPU
		{97BCFC87-8CD8-4C6A-B9FA-33D5AFDE8E0F}.Debug|Any CPU.ActiveCfg = Debug|Any CPU
		{97BCFC87-8CD8-4C6A-B9FA-33D5AFDE8E0F}.Debug|Any CPU.Build.0 = Debug|Any CPU
		{97BCFC87-8CD8-4C6A-B9FA-33D5AFDE8E0F}.Release|Any CPU.ActiveCfg = Release|Any CPU
		{97BCFC87-8CD8-4C6A-B9FA-33D5AFDE8E0F}.Release|Any CPU.Build.0 = Release|Any CPU
		{6DE3F1CF-1364-49B4-A985-F64730D5EB51}.Debug|Any CPU.ActiveCfg = Debug|Any CPU
		{6DE3F1CF-1364-49B4-A985-F64730D5EB51}.Debug|Any CPU.Build.0 = Debug|Any CPU
		{6DE3F1CF-1364-49B4-A985-F64730D5EB51}.Release|Any CPU.ActiveCfg = Release|Any CPU
		{6DE3F1CF-1364-49B4-A985-F64730D5EB51}.Release|Any CPU.Build.0 = Release|Any CPU
		{B1705E0D-9777-4BBE-87F2-8CC297C8CEF7}.Debug|Any CPU.ActiveCfg = Debug|Any CPU
		{B1705E0D-9777-4BBE-87F2-8CC297C8CEF7}.Debug|Any CPU.Build.0 = Debug|Any CPU
		{B1705E0D-9777-4BBE-87F2-8CC297C8CEF7}.Release|Any CPU.ActiveCfg = Release|Any CPU
		{B1705E0D-9777-4BBE-87F2-8CC297C8CEF7}.Release|Any CPU.Build.0 = Release|Any CPU
	EndGlobalSection
	GlobalSection(SolutionProperties) = preSolution
		HideSolutionNode = FALSE
	EndGlobalSection
	GlobalSection(NestedProjects) = preSolution
		{1ED7FEAB-DDF6-4DFE-BA0B-2D6F78812023} = {D6E67661-18CA-4D46-A7A8-E2B4AD9767D4}
		{9292581D-7146-4FF7-860C-57FF2FB510F3} = {B90EED33-C013-4765-9192-EED33E291676}
		{6A5EE58A-B29E-415D-B067-8F4A404A4ED4} = {D6E67661-18CA-4D46-A7A8-E2B4AD9767D4}
		{742CC168-F067-4921-AA12-5F97EB2451E9} = {D6E67661-18CA-4D46-A7A8-E2B4AD9767D4}
		{BB81588A-6B20-4BA5-BEDA-8AE9E86A7A3C} = {D6E67661-18CA-4D46-A7A8-E2B4AD9767D4}
		{D1336FDE-1C69-4E75-B4B9-9845E2AA7CE8} = {B90EED33-C013-4765-9192-EED33E291676}
		{FF61A064-CA2C-4754-ABB6-7F32C19EFF6E} = {B90EED33-C013-4765-9192-EED33E291676}
		{97BCFC87-8CD8-4C6A-B9FA-33D5AFDE8E0F} = {D6E67661-18CA-4D46-A7A8-E2B4AD9767D4}
		{6DE3F1CF-1364-49B4-A985-F64730D5EB51} = {B90EED33-C013-4765-9192-EED33E291676}
		{B1705E0D-9777-4BBE-87F2-8CC297C8CEF7} = {B90EED33-C013-4765-9192-EED33E291676}
	EndGlobalSection
EndGlobal
