
Microsoft Visual Studio Solution File, Format Version 12.00
# Visual Studio Version 17
VisualStudioVersion = 17.0.32014.148
MinimumVisualStudioVersion = 10.0.40219.1
Project("{2150E333-8FDC-42A3-9474-1A3956D46DE8}") = "src", "src", "{2571879A-716C-492E-913E-9C4FDB8FF16E}"
EndProject
Project("{FAE04EC0-301F-11D3-BF4B-00C04F79EFBC}") = "Scissorhands.Web", "src\Scissorhands.Web\Scissorhands.Web.csproj", "{F3355F5C-6057-4F17-A807-84469A3AF7E9}"
EndProject
Global
	GlobalSection(SolutionConfigurationPlatforms) = preSolution
		Debug|Any CPU = Debug|Any CPU
		Release|Any CPU = Release|Any CPU
	EndGlobalSection
	GlobalSection(ProjectConfigurationPlatforms) = postSolution
		{F3355F5C-6057-4F17-A807-84469A3AF7E9}.Debug|Any CPU.ActiveCfg = Debug|Any CPU
		{F3355F5C-6057-4F17-A807-84469A3AF7E9}.Debug|Any CPU.Build.0 = Debug|Any CPU
		{F3355F5C-6057-4F17-A807-84469A3AF7E9}.Release|Any CPU.ActiveCfg = Release|Any CPU
		{F3355F5C-6057-4F17-A807-84469A3AF7E9}.Release|Any CPU.Build.0 = Release|Any CPU
	EndGlobalSection
	GlobalSection(SolutionProperties) = preSolution
		HideSolutionNode = FALSE
	EndGlobalSection
	GlobalSection(NestedProjects) = preSolution
		{F3355F5C-6057-4F17-A807-84469A3AF7E9} = {2571879A-716C-492E-913E-9C4FDB8FF16E}
	EndGlobalSection
	GlobalSection(ExtensibilityGlobals) = postSolution
		SolutionGuid = {A5449E47-C78B-478B-920B-D3FB255E8FA5}
	EndGlobalSection
EndGlobal
