
Microsoft Visual Studio Solution File, Format Version 12.00
# Visual Studio Version 17
VisualStudioVersion = 17.0.31903.59
MinimumVisualStudioVersion = 10.0.40219.1
Project("{2150E333-8FDC-42A3-9474-1A3956D46DE8}") = "src", "src", "{827E0CD3-B72D-47B6-A68D-7590B98EB39B}"
EndProject
Project("{FAE04EC0-301F-11D3-BF4B-00C04F79EFBC}") = "ScissorHands.Core", "src\ScissorHands.Core\ScissorHands.Core.csproj", "{D2A0D144-FD88-4083-8DB3-4EBA3F435052}"
EndProject
Project("{FAE04EC0-301F-11D3-BF4B-00C04F79EFBC}") = "ScissorHands.Plugin", "src\ScissorHands.Plugin\ScissorHands.Plugin.csproj", "{07E2BAD9-D60E-4118-B664-3F334F3E4B4F}"
EndProject
Project("{FAE04EC0-301F-11D3-BF4B-00C04F79EFBC}") = "ScissorHands.Theme", "src\ScissorHands.Theme\ScissorHands.Theme.csproj", "{6CC295DB-C562-4E52-BB2E-D759C1F4DA01}"
EndProject
Project("{FAE04EC0-301F-11D3-BF4B-00C04F79EFBC}") = "ScissorHands.Web", "src\ScissorHands.Web\ScissorHands.Web.csproj", "{FD48DB06-00E9-442F-96FA-804A8ADC067D}"
EndProject
Project("{2150E333-8FDC-42A3-9474-1A3956D46DE8}") = "test", "test", "{0C88DD14-F956-CE84-757C-A364CCF449FC}"
EndProject
Project("{FAE04EC0-301F-11D3-BF4B-00C04F79EFBC}") = "ScissorHands.Core.Tests", "test\ScissorHands.Core.Tests\ScissorHands.Core.Tests.csproj", "{D3058BAE-F324-4100-BDF0-DF9043379B48}"
EndProject
Project("{FAE04EC0-301F-11D3-BF4B-00C04F79EFBC}") = "ScissorHands.Plugin.Tests", "test\ScissorHands.Plugin.Tests\ScissorHands.Plugin.Tests.csproj", "{A81ABA3E-7D97-43FA-8578-779A170002A6}"
EndProject
Project("{FAE04EC0-301F-11D3-BF4B-00C04F79EFBC}") = "ScissorHands.Theme.Tests", "test\ScissorHands.Theme.Tests\ScissorHands.Theme.Tests.csproj", "{193435D1-8A6B-4B42-8770-78F4F6CFCB91}"
EndProject
Project("{FAE04EC0-301F-11D3-BF4B-00C04F79EFBC}") = "ScissorHands.Web.Tests", "test\ScissorHands.Web.Tests\ScissorHands.Web.Tests.csproj", "{3BD9CB16-3C20-4152-9239-7CBE59187395}"
EndProject
Global
	GlobalSection(SolutionConfigurationPlatforms) = preSolution
		Debug|Any CPU = Debug|Any CPU
		Debug|x64 = Debug|x64
		Debug|x86 = Debug|x86
		Release|Any CPU = Release|Any CPU
		Release|x64 = Release|x64
		Release|x86 = Release|x86
	EndGlobalSection
	GlobalSection(ProjectConfigurationPlatforms) = postSolution
		{D2A0D144-FD88-4083-8DB3-4EBA3F435052}.Debug|Any CPU.ActiveCfg = Debug|Any CPU
		{D2A0D144-FD88-4083-8DB3-4EBA3F435052}.Debug|Any CPU.Build.0 = Debug|Any CPU
		{D2A0D144-FD88-4083-8DB3-4EBA3F435052}.Debug|x64.ActiveCfg = Debug|Any CPU
		{D2A0D144-FD88-4083-8DB3-4EBA3F435052}.Debug|x64.Build.0 = Debug|Any CPU
		{D2A0D144-FD88-4083-8DB3-4EBA3F435052}.Debug|x86.ActiveCfg = Debug|Any CPU
		{D2A0D144-FD88-4083-8DB3-4EBA3F435052}.Debug|x86.Build.0 = Debug|Any CPU
		{D2A0D144-FD88-4083-8DB3-4EBA3F435052}.Release|Any CPU.ActiveCfg = Release|Any CPU
		{D2A0D144-FD88-4083-8DB3-4EBA3F435052}.Release|Any CPU.Build.0 = Release|Any CPU
		{D2A0D144-FD88-4083-8DB3-4EBA3F435052}.Release|x64.ActiveCfg = Release|Any CPU
		{D2A0D144-FD88-4083-8DB3-4EBA3F435052}.Release|x64.Build.0 = Release|Any CPU
		{D2A0D144-FD88-4083-8DB3-4EBA3F435052}.Release|x86.ActiveCfg = Release|Any CPU
		{D2A0D144-FD88-4083-8DB3-4EBA3F435052}.Release|x86.Build.0 = Release|Any CPU
		{07E2BAD9-D60E-4118-B664-3F334F3E4B4F}.Debug|Any CPU.ActiveCfg = Debug|Any CPU
		{07E2BAD9-D60E-4118-B664-3F334F3E4B4F}.Debug|Any CPU.Build.0 = Debug|Any CPU
		{07E2BAD9-D60E-4118-B664-3F334F3E4B4F}.Debug|x64.ActiveCfg = Debug|Any CPU
		{07E2BAD9-D60E-4118-B664-3F334F3E4B4F}.Debug|x64.Build.0 = Debug|Any CPU
		{07E2BAD9-D60E-4118-B664-3F334F3E4B4F}.Debug|x86.ActiveCfg = Debug|Any CPU
		{07E2BAD9-D60E-4118-B664-3F334F3E4B4F}.Debug|x86.Build.0 = Debug|Any CPU
		{07E2BAD9-D60E-4118-B664-3F334F3E4B4F}.Release|Any CPU.ActiveCfg = Release|Any CPU
		{07E2BAD9-D60E-4118-B664-3F334F3E4B4F}.Release|Any CPU.Build.0 = Release|Any CPU
		{07E2BAD9-D60E-4118-B664-3F334F3E4B4F}.Release|x64.ActiveCfg = Release|Any CPU
		{07E2BAD9-D60E-4118-B664-3F334F3E4B4F}.Release|x64.Build.0 = Release|Any CPU
		{07E2BAD9-D60E-4118-B664-3F334F3E4B4F}.Release|x86.ActiveCfg = Release|Any CPU
		{07E2BAD9-D60E-4118-B664-3F334F3E4B4F}.Release|x86.Build.0 = Release|Any CPU
		{6CC295DB-C562-4E52-BB2E-D759C1F4DA01}.Debug|Any CPU.ActiveCfg = Debug|Any CPU
		{6CC295DB-C562-4E52-BB2E-D759C1F4DA01}.Debug|Any CPU.Build.0 = Debug|Any CPU
		{6CC295DB-C562-4E52-BB2E-D759C1F4DA01}.Debug|x64.ActiveCfg = Debug|Any CPU
		{6CC295DB-C562-4E52-BB2E-D759C1F4DA01}.Debug|x64.Build.0 = Debug|Any CPU
		{6CC295DB-C562-4E52-BB2E-D759C1F4DA01}.Debug|x86.ActiveCfg = Debug|Any CPU
		{6CC295DB-C562-4E52-BB2E-D759C1F4DA01}.Debug|x86.Build.0 = Debug|Any CPU
		{6CC295DB-C562-4E52-BB2E-D759C1F4DA01}.Release|Any CPU.ActiveCfg = Release|Any CPU
		{6CC295DB-C562-4E52-BB2E-D759C1F4DA01}.Release|Any CPU.Build.0 = Release|Any CPU
		{6CC295DB-C562-4E52-BB2E-D759C1F4DA01}.Release|x64.ActiveCfg = Release|Any CPU
		{6CC295DB-C562-4E52-BB2E-D759C1F4DA01}.Release|x64.Build.0 = Release|Any CPU
		{6CC295DB-C562-4E52-BB2E-D759C1F4DA01}.Release|x86.ActiveCfg = Release|Any CPU
		{6CC295DB-C562-4E52-BB2E-D759C1F4DA01}.Release|x86.Build.0 = Release|Any CPU
		{FD48DB06-00E9-442F-96FA-804A8ADC067D}.Debug|Any CPU.ActiveCfg = Debug|Any CPU
		{FD48DB06-00E9-442F-96FA-804A8ADC067D}.Debug|Any CPU.Build.0 = Debug|Any CPU
		{FD48DB06-00E9-442F-96FA-804A8ADC067D}.Debug|x64.ActiveCfg = Debug|Any CPU
		{FD48DB06-00E9-442F-96FA-804A8ADC067D}.Debug|x64.Build.0 = Debug|Any CPU
		{FD48DB06-00E9-442F-96FA-804A8ADC067D}.Debug|x86.ActiveCfg = Debug|Any CPU
		{FD48DB06-00E9-442F-96FA-804A8ADC067D}.Debug|x86.Build.0 = Debug|Any CPU
		{FD48DB06-00E9-442F-96FA-804A8ADC067D}.Release|Any CPU.ActiveCfg = Release|Any CPU
		{FD48DB06-00E9-442F-96FA-804A8ADC067D}.Release|Any CPU.Build.0 = Release|Any CPU
		{FD48DB06-00E9-442F-96FA-804A8ADC067D}.Release|x64.ActiveCfg = Release|Any CPU
		{FD48DB06-00E9-442F-96FA-804A8ADC067D}.Release|x64.Build.0 = Release|Any CPU
		{FD48DB06-00E9-442F-96FA-804A8ADC067D}.Release|x86.ActiveCfg = Release|Any CPU
		{FD48DB06-00E9-442F-96FA-804A8ADC067D}.Release|x86.Build.0 = Release|Any CPU
		{D3058BAE-F324-4100-BDF0-DF9043379B48}.Debug|Any CPU.ActiveCfg = Debug|Any CPU
		{D3058BAE-F324-4100-BDF0-DF9043379B48}.Debug|Any CPU.Build.0 = Debug|Any CPU
		{D3058BAE-F324-4100-BDF0-DF9043379B48}.Debug|x64.ActiveCfg = Debug|Any CPU
		{D3058BAE-F324-4100-BDF0-DF9043379B48}.Debug|x64.Build.0 = Debug|Any CPU
		{D3058BAE-F324-4100-BDF0-DF9043379B48}.Debug|x86.ActiveCfg = Debug|Any CPU
		{D3058BAE-F324-4100-BDF0-DF9043379B48}.Debug|x86.Build.0 = Debug|Any CPU
		{D3058BAE-F324-4100-BDF0-DF9043379B48}.Release|Any CPU.ActiveCfg = Release|Any CPU
		{D3058BAE-F324-4100-BDF0-DF9043379B48}.Release|Any CPU.Build.0 = Release|Any CPU
		{D3058BAE-F324-4100-BDF0-DF9043379B48}.Release|x64.ActiveCfg = Release|Any CPU
		{D3058BAE-F324-4100-BDF0-DF9043379B48}.Release|x64.Build.0 = Release|Any CPU
		{D3058BAE-F324-4100-BDF0-DF9043379B48}.Release|x86.ActiveCfg = Release|Any CPU
		{D3058BAE-F324-4100-BDF0-DF9043379B48}.Release|x86.Build.0 = Release|Any CPU
		{A81ABA3E-7D97-43FA-8578-779A170002A6}.Debug|Any CPU.ActiveCfg = Debug|Any CPU
		{A81ABA3E-7D97-43FA-8578-779A170002A6}.Debug|Any CPU.Build.0 = Debug|Any CPU
		{A81ABA3E-7D97-43FA-8578-779A170002A6}.Debug|x64.ActiveCfg = Debug|Any CPU
		{A81ABA3E-7D97-43FA-8578-779A170002A6}.Debug|x64.Build.0 = Debug|Any CPU
		{A81ABA3E-7D97-43FA-8578-779A170002A6}.Debug|x86.ActiveCfg = Debug|Any CPU
		{A81ABA3E-7D97-43FA-8578-779A170002A6}.Debug|x86.Build.0 = Debug|Any CPU
		{A81ABA3E-7D97-43FA-8578-779A170002A6}.Release|Any CPU.ActiveCfg = Release|Any CPU
		{A81ABA3E-7D97-43FA-8578-779A170002A6}.Release|Any CPU.Build.0 = Release|Any CPU
		{A81ABA3E-7D97-43FA-8578-779A170002A6}.Release|x64.ActiveCfg = Release|Any CPU
		{A81ABA3E-7D97-43FA-8578-779A170002A6}.Release|x64.Build.0 = Release|Any CPU
		{A81ABA3E-7D97-43FA-8578-779A170002A6}.Release|x86.ActiveCfg = Release|Any CPU
		{A81ABA3E-7D97-43FA-8578-779A170002A6}.Release|x86.Build.0 = Release|Any CPU
		{193435D1-8A6B-4B42-8770-78F4F6CFCB91}.Debug|Any CPU.ActiveCfg = Debug|Any CPU
		{193435D1-8A6B-4B42-8770-78F4F6CFCB91}.Debug|Any CPU.Build.0 = Debug|Any CPU
		{193435D1-8A6B-4B42-8770-78F4F6CFCB91}.Debug|x64.ActiveCfg = Debug|Any CPU
		{193435D1-8A6B-4B42-8770-78F4F6CFCB91}.Debug|x64.Build.0 = Debug|Any CPU
		{193435D1-8A6B-4B42-8770-78F4F6CFCB91}.Debug|x86.ActiveCfg = Debug|Any CPU
		{193435D1-8A6B-4B42-8770-78F4F6CFCB91}.Debug|x86.Build.0 = Debug|Any CPU
		{193435D1-8A6B-4B42-8770-78F4F6CFCB91}.Release|Any CPU.ActiveCfg = Release|Any CPU
		{193435D1-8A6B-4B42-8770-78F4F6CFCB91}.Release|Any CPU.Build.0 = Release|Any CPU
		{193435D1-8A6B-4B42-8770-78F4F6CFCB91}.Release|x64.ActiveCfg = Release|Any CPU
		{193435D1-8A6B-4B42-8770-78F4F6CFCB91}.Release|x64.Build.0 = Release|Any CPU
		{193435D1-8A6B-4B42-8770-78F4F6CFCB91}.Release|x86.ActiveCfg = Release|Any CPU
		{193435D1-8A6B-4B42-8770-78F4F6CFCB91}.Release|x86.Build.0 = Release|Any CPU
		{3BD9CB16-3C20-4152-9239-7CBE59187395}.Debug|Any CPU.ActiveCfg = Debug|Any CPU
		{3BD9CB16-3C20-4152-9239-7CBE59187395}.Debug|Any CPU.Build.0 = Debug|Any CPU
		{3BD9CB16-3C20-4152-9239-7CBE59187395}.Debug|x64.ActiveCfg = Debug|Any CPU
		{3BD9CB16-3C20-4152-9239-7CBE59187395}.Debug|x64.Build.0 = Debug|Any CPU
		{3BD9CB16-3C20-4152-9239-7CBE59187395}.Debug|x86.ActiveCfg = Debug|Any CPU
		{3BD9CB16-3C20-4152-9239-7CBE59187395}.Debug|x86.Build.0 = Debug|Any CPU
		{3BD9CB16-3C20-4152-9239-7CBE59187395}.Release|Any CPU.ActiveCfg = Release|Any CPU
		{3BD9CB16-3C20-4152-9239-7CBE59187395}.Release|Any CPU.Build.0 = Release|Any CPU
		{3BD9CB16-3C20-4152-9239-7CBE59187395}.Release|x64.ActiveCfg = Release|Any CPU
		{3BD9CB16-3C20-4152-9239-7CBE59187395}.Release|x64.Build.0 = Release|Any CPU
		{3BD9CB16-3C20-4152-9239-7CBE59187395}.Release|x86.ActiveCfg = Release|Any CPU
		{3BD9CB16-3C20-4152-9239-7CBE59187395}.Release|x86.Build.0 = Release|Any CPU
	EndGlobalSection
	GlobalSection(SolutionProperties) = preSolution
		HideSolutionNode = FALSE
	EndGlobalSection
	GlobalSection(NestedProjects) = preSolution
		{D2A0D144-FD88-4083-8DB3-4EBA3F435052} = {827E0CD3-B72D-47B6-A68D-7590B98EB39B}
		{07E2BAD9-D60E-4118-B664-3F334F3E4B4F} = {827E0CD3-B72D-47B6-A68D-7590B98EB39B}
		{6CC295DB-C562-4E52-BB2E-D759C1F4DA01} = {827E0CD3-B72D-47B6-A68D-7590B98EB39B}
		{FD48DB06-00E9-442F-96FA-804A8ADC067D} = {827E0CD3-B72D-47B6-A68D-7590B98EB39B}
		{D3058BAE-F324-4100-BDF0-DF9043379B48} = {0C88DD14-F956-CE84-757C-A364CCF449FC}
		{A81ABA3E-7D97-43FA-8578-779A170002A6} = {0C88DD14-F956-CE84-757C-A364CCF449FC}
		{193435D1-8A6B-4B42-8770-78F4F6CFCB91} = {0C88DD14-F956-CE84-757C-A364CCF449FC}
		{3BD9CB16-3C20-4152-9239-7CBE59187395} = {0C88DD14-F956-CE84-757C-A364CCF449FC}
	EndGlobalSection
EndGlobal
